
Microsoft Visual Studio Solution File, Format Version 12.00
# Visual Studio 2012
Project("{CC5FD16D-436D-48AD-A40C-5A424C6E3E79}") = "ServiceSurferLite", "ServiceSurferLite\ServiceSurferLite.ccproj", "{98D52397-288B-440C-AA13-442F944D99B5}"
EndProject
Project("{FAE04EC0-301F-11D3-BF4B-00C04F79EFBC}") = "WCFServiceSurferlite", "WCFServiceSurferlite\WCFServiceSurferlite.csproj", "{D109DF39-95ED-46C7-B709-169D70C642D5}"
EndProject
Global
	GlobalSection(SolutionConfigurationPlatforms) = preSolution
		Debug|Any CPU = Debug|Any CPU
		Release|Any CPU = Release|Any CPU
	EndGlobalSection
	GlobalSection(ProjectConfigurationPlatforms) = postSolution
		{98D52397-288B-440C-AA13-442F944D99B5}.Debug|Any CPU.ActiveCfg = Debug|Any CPU
		{98D52397-288B-440C-AA13-442F944D99B5}.Debug|Any CPU.Build.0 = Debug|Any CPU
		{98D52397-288B-440C-AA13-442F944D99B5}.Release|Any CPU.ActiveCfg = Release|Any CPU
		{98D52397-288B-440C-AA13-442F944D99B5}.Release|Any CPU.Build.0 = Release|Any CPU
		{D109DF39-95ED-46C7-B709-169D70C642D5}.Debug|Any CPU.ActiveCfg = Debug|Any CPU
		{D109DF39-95ED-46C7-B709-169D70C642D5}.Debug|Any CPU.Build.0 = Debug|Any CPU
		{D109DF39-95ED-46C7-B709-169D70C642D5}.Release|Any CPU.ActiveCfg = Release|Any CPU
		{D109DF39-95ED-46C7-B709-169D70C642D5}.Release|Any CPU.Build.0 = Release|Any CPU
	EndGlobalSection
	GlobalSection(SolutionProperties) = preSolution
		HideSolutionNode = FALSE
	EndGlobalSection
EndGlobal
