
Microsoft Visual Studio Solution File, Format Version 12.00
# Visual Studio 2012
Project("{FAE04EC0-301F-11D3-BF4B-00C04F79EFBC}") = "SurferLite", "SurferLite\SurferLite.csproj", "{0DA8A348-08F9-4E99-BA4B-EC28446871A9}"
	ProjectSection(ProjectDependencies) = postProject
		{15B3E0D2-6217-493A-A690-158C497F5318} = {15B3E0D2-6217-493A-A690-158C497F5318}
	EndProjectSection
EndProject
Project("{FAE04EC0-301F-11D3-BF4B-00C04F79EFBC}") = "WcfServiceLibraryServerForQuickTest", "WcfServiceLibraryServerForQuickTest\WcfServiceLibraryServerForQuickTest.csproj", "{15B3E0D2-6217-493A-A690-158C497F5318}"
EndProject
Project("{2150E333-8FDC-42A3-9474-1A3956D46DE8}") = "Solution Items", "Solution Items", "{4084DA2A-5545-44ED-93B5-12CB8FA22DF3}"
	ProjectSection(SolutionItems) = preProject
		Rough.txt = Rough.txt
	EndProjectSection
EndProject
Project("{FAE04EC0-301F-11D3-BF4B-00C04F79EFBC}") = "URLAutoFormat", "URLAutoFormat\URLAutoFormat.csproj", "{086C9FF8-981A-4C61-AEED-942460EE86FF}"
EndProject
Project("{FAE04EC0-301F-11D3-BF4B-00C04F79EFBC}") = "AgilityPackImplementation", "AgilityPackImplementation\AgilityPackImplementation.csproj", "{4C3A45DE-21B2-4F3B-9116-E279311C741D}"
EndProject
Global
	GlobalSection(SolutionConfigurationPlatforms) = preSolution
		Debug|Any CPU = Debug|Any CPU
		Debug|ARM = Debug|ARM
		Debug|x64 = Debug|x64
		Debug|x86 = Debug|x86
		Release|Any CPU = Release|Any CPU
		Release|ARM = Release|ARM
		Release|x64 = Release|x64
		Release|x86 = Release|x86
	EndGlobalSection
	GlobalSection(ProjectConfigurationPlatforms) = postSolution
		{0DA8A348-08F9-4E99-BA4B-EC28446871A9}.Debug|Any CPU.ActiveCfg = Debug|Any CPU
		{0DA8A348-08F9-4E99-BA4B-EC28446871A9}.Debug|Any CPU.Build.0 = Debug|Any CPU
		{0DA8A348-08F9-4E99-BA4B-EC28446871A9}.Debug|Any CPU.Deploy.0 = Debug|Any CPU
		{0DA8A348-08F9-4E99-BA4B-EC28446871A9}.Debug|ARM.ActiveCfg = Debug|ARM
		{0DA8A348-08F9-4E99-BA4B-EC28446871A9}.Debug|ARM.Build.0 = Debug|ARM
		{0DA8A348-08F9-4E99-BA4B-EC28446871A9}.Debug|ARM.Deploy.0 = Debug|ARM
		{0DA8A348-08F9-4E99-BA4B-EC28446871A9}.Debug|x64.ActiveCfg = Debug|x64
		{0DA8A348-08F9-4E99-BA4B-EC28446871A9}.Debug|x64.Build.0 = Debug|x64
		{0DA8A348-08F9-4E99-BA4B-EC28446871A9}.Debug|x64.Deploy.0 = Debug|x64
		{0DA8A348-08F9-4E99-BA4B-EC28446871A9}.Debug|x86.ActiveCfg = Debug|x86
		{0DA8A348-08F9-4E99-BA4B-EC28446871A9}.Debug|x86.Build.0 = Debug|x86
		{0DA8A348-08F9-4E99-BA4B-EC28446871A9}.Debug|x86.Deploy.0 = Debug|x86
		{0DA8A348-08F9-4E99-BA4B-EC28446871A9}.Release|Any CPU.ActiveCfg = Release|Any CPU
		{0DA8A348-08F9-4E99-BA4B-EC28446871A9}.Release|Any CPU.Build.0 = Release|Any CPU
		{0DA8A348-08F9-4E99-BA4B-EC28446871A9}.Release|Any CPU.Deploy.0 = Release|Any CPU
		{0DA8A348-08F9-4E99-BA4B-EC28446871A9}.Release|ARM.ActiveCfg = Release|ARM
		{0DA8A348-08F9-4E99-BA4B-EC28446871A9}.Release|ARM.Build.0 = Release|ARM
		{0DA8A348-08F9-4E99-BA4B-EC28446871A9}.Release|ARM.Deploy.0 = Release|ARM
		{0DA8A348-08F9-4E99-BA4B-EC28446871A9}.Release|x64.ActiveCfg = Release|x64
		{0DA8A348-08F9-4E99-BA4B-EC28446871A9}.Release|x64.Build.0 = Release|x64
		{0DA8A348-08F9-4E99-BA4B-EC28446871A9}.Release|x64.Deploy.0 = Release|x64
		{0DA8A348-08F9-4E99-BA4B-EC28446871A9}.Release|x86.ActiveCfg = Release|x86
		{0DA8A348-08F9-4E99-BA4B-EC28446871A9}.Release|x86.Build.0 = Release|x86
		{0DA8A348-08F9-4E99-BA4B-EC28446871A9}.Release|x86.Deploy.0 = Release|x86
		{15B3E0D2-6217-493A-A690-158C497F5318}.Debug|Any CPU.ActiveCfg = Debug|Any CPU
		{15B3E0D2-6217-493A-A690-158C497F5318}.Debug|Any CPU.Build.0 = Debug|Any CPU
		{15B3E0D2-6217-493A-A690-158C497F5318}.Debug|ARM.ActiveCfg = Debug|Any CPU
		{15B3E0D2-6217-493A-A690-158C497F5318}.Debug|x64.ActiveCfg = Debug|Any CPU
		{15B3E0D2-6217-493A-A690-158C497F5318}.Debug|x86.ActiveCfg = Debug|Any CPU
		{15B3E0D2-6217-493A-A690-158C497F5318}.Release|Any CPU.ActiveCfg = Release|Any CPU
		{15B3E0D2-6217-493A-A690-158C497F5318}.Release|Any CPU.Build.0 = Release|Any CPU
		{15B3E0D2-6217-493A-A690-158C497F5318}.Release|ARM.ActiveCfg = Release|Any CPU
		{15B3E0D2-6217-493A-A690-158C497F5318}.Release|x64.ActiveCfg = Release|Any CPU
		{15B3E0D2-6217-493A-A690-158C497F5318}.Release|x86.ActiveCfg = Release|Any CPU
		{086C9FF8-981A-4C61-AEED-942460EE86FF}.Debug|Any CPU.ActiveCfg = Debug|Any CPU
		{086C9FF8-981A-4C61-AEED-942460EE86FF}.Debug|Any CPU.Build.0 = Debug|Any CPU
		{086C9FF8-981A-4C61-AEED-942460EE86FF}.Debug|ARM.ActiveCfg = Debug|Any CPU
		{086C9FF8-981A-4C61-AEED-942460EE86FF}.Debug|x64.ActiveCfg = Debug|Any CPU
		{086C9FF8-981A-4C61-AEED-942460EE86FF}.Debug|x86.ActiveCfg = Debug|Any CPU
		{086C9FF8-981A-4C61-AEED-942460EE86FF}.Release|Any CPU.ActiveCfg = Release|Any CPU
		{086C9FF8-981A-4C61-AEED-942460EE86FF}.Release|Any CPU.Build.0 = Release|Any CPU
		{086C9FF8-981A-4C61-AEED-942460EE86FF}.Release|ARM.ActiveCfg = Release|Any CPU
		{086C9FF8-981A-4C61-AEED-942460EE86FF}.Release|x64.ActiveCfg = Release|Any CPU
		{086C9FF8-981A-4C61-AEED-942460EE86FF}.Release|x86.ActiveCfg = Release|Any CPU
		{4C3A45DE-21B2-4F3B-9116-E279311C741D}.Debug|Any CPU.ActiveCfg = Debug|Any CPU
		{4C3A45DE-21B2-4F3B-9116-E279311C741D}.Debug|Any CPU.Build.0 = Debug|Any CPU
		{4C3A45DE-21B2-4F3B-9116-E279311C741D}.Debug|ARM.ActiveCfg = Debug|Any CPU
		{4C3A45DE-21B2-4F3B-9116-E279311C741D}.Debug|x64.ActiveCfg = Debug|Any CPU
		{4C3A45DE-21B2-4F3B-9116-E279311C741D}.Debug|x86.ActiveCfg = Debug|Any CPU
		{4C3A45DE-21B2-4F3B-9116-E279311C741D}.Release|Any CPU.ActiveCfg = Release|Any CPU
		{4C3A45DE-21B2-4F3B-9116-E279311C741D}.Release|Any CPU.Build.0 = Release|Any CPU
		{4C3A45DE-21B2-4F3B-9116-E279311C741D}.Release|ARM.ActiveCfg = Release|Any CPU
		{4C3A45DE-21B2-4F3B-9116-E279311C741D}.Release|x64.ActiveCfg = Release|Any CPU
		{4C3A45DE-21B2-4F3B-9116-E279311C741D}.Release|x86.ActiveCfg = Release|Any CPU
	EndGlobalSection
	GlobalSection(SolutionProperties) = preSolution
		HideSolutionNode = FALSE
	EndGlobalSection
EndGlobal
